
Microsoft Visual Studio Solution File, Format Version 12.00
# Visual Studio 14
VisualStudioVersion = 14.0.25420.1
MinimumVisualStudioVersion = 10.0.40219.1
Project("{FAE04EC0-301F-11D3-BF4B-00C04F79EFBC}") = "8Puzzle", "8Puzzle\8Puzzle.csproj", "{2E99F8A4-A161-464B-81A6-F8CB2F1BEB99}"
EndProject
Global
	GlobalSection(SolutionConfigurationPlatforms) = preSolution
		Debug|Any CPU = Debug|Any CPU
		Release|Any CPU = Release|Any CPU
	EndGlobalSection
	GlobalSection(ProjectConfigurationPlatforms) = postSolution
		{2E99F8A4-A161-464B-81A6-F8CB2F1BEB99}.Debug|Any CPU.ActiveCfg = Debug|Any CPU
		{2E99F8A4-A161-464B-81A6-F8CB2F1BEB99}.Debug|Any CPU.Build.0 = Debug|Any CPU
		{2E99F8A4-A161-464B-81A6-F8CB2F1BEB99}.Release|Any CPU.ActiveCfg = Debug|Any CPU
		{2E99F8A4-A161-464B-81A6-F8CB2F1BEB99}.Release|Any CPU.Build.0 = Debug|Any CPU
	EndGlobalSection
	GlobalSection(SolutionProperties) = preSolution
		HideSolutionNode = FALSE
	EndGlobalSection
EndGlobal
